
Microsoft Visual Studio Solution File, Format Version 12.00
# Visual Studio Version 16
VisualStudioVersion = 16.0.30413.136
MinimumVisualStudioVersion = 10.0.40219.1
Project("{FAE04EC0-301F-11D3-BF4B-00C04F79EFBC}") = "TodoManager", "TodoManager\TodoManager.csproj", "{49F7E58E-A161-4A39-8CD7-A9245807B186}"
EndProject
Project("{FAE04EC0-301F-11D3-BF4B-00C04F79EFBC}") = "Models", "Models\Models.csproj", "{AD83F000-C239-41F5-847B-A7F8C63AB0B4}"
EndProject
Project("{FAE04EC0-301F-11D3-BF4B-00C04F79EFBC}") = "Business", "Business\Business.csproj", "{BA185BB1-1FD3-4C21-A737-E69BE743DF6E}"
EndProject
Project("{FAE04EC0-301F-11D3-BF4B-00C04F79EFBC}") = "DAL", "DAL\DAL.csproj", "{A551FDD5-1440-4C0C-9D18-64EF378C0C95}"
EndProject
Project("{FAE04EC0-301F-11D3-BF4B-00C04F79EFBC}") = "Migrations", "Migrations\Migrations.csproj", "{071EF6EA-E7DF-442C-AD76-4FC02C0495F6}"
EndProject
Global
	GlobalSection(SolutionConfigurationPlatforms) = preSolution
		Debug|Any CPU = Debug|Any CPU
		Release|Any CPU = Release|Any CPU
	EndGlobalSection
	GlobalSection(ProjectConfigurationPlatforms) = postSolution
		{49F7E58E-A161-4A39-8CD7-A9245807B186}.Debug|Any CPU.ActiveCfg = Debug|Any CPU
		{49F7E58E-A161-4A39-8CD7-A9245807B186}.Debug|Any CPU.Build.0 = Debug|Any CPU
		{49F7E58E-A161-4A39-8CD7-A9245807B186}.Release|Any CPU.ActiveCfg = Release|Any CPU
		{49F7E58E-A161-4A39-8CD7-A9245807B186}.Release|Any CPU.Build.0 = Release|Any CPU
		{AD83F000-C239-41F5-847B-A7F8C63AB0B4}.Debug|Any CPU.ActiveCfg = Debug|Any CPU
		{AD83F000-C239-41F5-847B-A7F8C63AB0B4}.Debug|Any CPU.Build.0 = Debug|Any CPU
		{AD83F000-C239-41F5-847B-A7F8C63AB0B4}.Release|Any CPU.ActiveCfg = Release|Any CPU
		{AD83F000-C239-41F5-847B-A7F8C63AB0B4}.Release|Any CPU.Build.0 = Release|Any CPU
		{BA185BB1-1FD3-4C21-A737-E69BE743DF6E}.Debug|Any CPU.ActiveCfg = Debug|Any CPU
		{BA185BB1-1FD3-4C21-A737-E69BE743DF6E}.Debug|Any CPU.Build.0 = Debug|Any CPU
		{BA185BB1-1FD3-4C21-A737-E69BE743DF6E}.Release|Any CPU.ActiveCfg = Release|Any CPU
		{BA185BB1-1FD3-4C21-A737-E69BE743DF6E}.Release|Any CPU.Build.0 = Release|Any CPU
		{A551FDD5-1440-4C0C-9D18-64EF378C0C95}.Debug|Any CPU.ActiveCfg = Debug|Any CPU
		{A551FDD5-1440-4C0C-9D18-64EF378C0C95}.Debug|Any CPU.Build.0 = Debug|Any CPU
		{A551FDD5-1440-4C0C-9D18-64EF378C0C95}.Release|Any CPU.ActiveCfg = Release|Any CPU
		{A551FDD5-1440-4C0C-9D18-64EF378C0C95}.Release|Any CPU.Build.0 = Release|Any CPU
		{071EF6EA-E7DF-442C-AD76-4FC02C0495F6}.Debug|Any CPU.ActiveCfg = Debug|Any CPU
		{071EF6EA-E7DF-442C-AD76-4FC02C0495F6}.Debug|Any CPU.Build.0 = Debug|Any CPU
		{071EF6EA-E7DF-442C-AD76-4FC02C0495F6}.Release|Any CPU.ActiveCfg = Release|Any CPU
		{071EF6EA-E7DF-442C-AD76-4FC02C0495F6}.Release|Any CPU.Build.0 = Release|Any CPU
	EndGlobalSection
	GlobalSection(SolutionProperties) = preSolution
		HideSolutionNode = FALSE
	EndGlobalSection
	GlobalSection(ExtensibilityGlobals) = postSolution
		SolutionGuid = {C8FC2DB0-11D1-41C7-84D3-9CE4043E6872}
	EndGlobalSection
EndGlobal
